
Microsoft Visual Studio Solution File, Format Version 12.00
# Visual Studio Version 17
VisualStudioVersion = 17.5.002.0
MinimumVisualStudioVersion = 10.0.40219.1
Project("{9A19103F-16F7-4668-BE54-9A1E7A4F7556}") = "BlazingPizza", "BlazingPizza.csproj", "{EE7793B3-AD83-4DBC-B7CD-3A586877FC3C}"
EndProject
Global
	GlobalSection(SolutionConfigurationPlatforms) = preSolution
		Debug|Any CPU = Debug|Any CPU
		Release|Any CPU = Release|Any CPU
	EndGlobalSection
	GlobalSection(ProjectConfigurationPlatforms) = postSolution
		{EE7793B3-AD83-4DBC-B7CD-3A586877FC3C}.Debug|Any CPU.ActiveCfg = Debug|Any CPU
		{EE7793B3-AD83-4DBC-B7CD-3A586877FC3C}.Debug|Any CPU.Build.0 = Debug|Any CPU
		{EE7793B3-AD83-4DBC-B7CD-3A586877FC3C}.Release|Any CPU.ActiveCfg = Release|Any CPU
		{EE7793B3-AD83-4DBC-B7CD-3A586877FC3C}.Release|Any CPU.Build.0 = Release|Any CPU
	EndGlobalSection
	GlobalSection(SolutionProperties) = preSolution
		HideSolutionNode = FALSE
	EndGlobalSection
	GlobalSection(ExtensibilityGlobals) = postSolution
		SolutionGuid = {22D55C9A-F02F-4B00-B4E6-88CF8BCEB4D3}
	EndGlobalSection
EndGlobal
